{
  "originHash" : "75811d4039f1ad3a69d490431d033bf54599eef59ee2e271a7df046dafc04e4f",
  "pins" : [
    {
      "identity" : "geos",
      "kind" : "remoteSourceControl",
      "location" : "https://github.com/GEOSwift/geos.git",
      "state" : {
        "revision" : "4d8af495e7507f48f1ae9104102debdd2043917b",
        "version" : "9.0.0"
      }
    },
    {
      "identity" : "geoswift",
      "kind" : "remoteSourceControl",
      "location" : "https://github.com/GEOSwift/GEOSwift",
      "state" : {
        "revision" : "9ddf733b9f72799eb7651d1e0d322f2426b36a06",
        "version" : "11.2.0"
      }
    },
    {
      "identity" : "sqlite.swift",
      "kind" : "remoteSourceControl",
      "location" : "https://github.com/stephencelis/SQLite.swift",
      "state" : {
        "revision" : "964c300fb0736699ce945c9edb56ecd62eba27a3",
        "version" : "0.16.0"
      }
    }
  ],
  "version" : 3
}
